PODS:
  - GTSDK (2.3.0.0-noidfa)
  - JCore (1.2.0)
  - JPush (3.0.9):
    - JCore (~> 1.2.0)

DEPENDENCIES:
  - GTSDK (= 2.3.0.0-noidfa)
  - JPush

SPEC CHECKSUMS:
  GTSDK: 0a29398456b3748031a8eea6c156df1fb4db7ac9
  JCore: b52e3dd73625eec70afd1244bb9c41038aa06087
  JPush: 48041e8c5ad2ef9b48709eb0888af9640b36e9b0

PODFILE CHECKSUM: 5688fade81a006877492ab0bcc5e946cf830f131

COCOAPODS: 1.4.0
